# This is a Gradle generated file for dependency locking.
# Manual edits can break the build and are not advised.
# This file is expected to be part of source control.
# To regenerate this file, run: ./gradlew :solr:documentation:dependencies --write-locks
org.apache.lucene:lucene-analysis-common:11.0.0-SNAPSHOT=javadocs
org.apache.lucene:lucene-analysis-stempel:11.0.0-SNAPSHOT=javadocs
org.apache.lucene:lucene-core:11.0.0-SNAPSHOT=javadocs
org.apache.lucene:lucene-expressions:11.0.0-SNAPSHOT=javadocs
org.apache.lucene:lucene-queries:11.0.0-SNAPSHOT=javadocs
org.apache.lucene:lucene-queryparser:11.0.0-SNAPSHOT=javadocs
org.apache.lucene:lucene-spatial-extras:11.0.0-SNAPSHOT=javadocs
empty=changesHtml,jarValidation,minimalSite,site
